// !$*UTF8*$!
{
	archiveVersion = 1;
	classes = {
	};
	objectVersion = 56;
	objects = {

/* Begin PBXBuildFile section */
		2F8A108628DBFF0A00F9E2F5 /* AppDelegate.swift in Sources */ = {isa = PBXBuildFile; fileRef = 2F8A108528DBFF0A00F9E2F5 /* AppDelegate.swift */; };
		2F8A108828DBFF0A00F9E2F5 /* SceneDelegate.swift in Sources */ = {isa = PBXBuildFile; fileRef = 2F8A108728DBFF0A00F9E2F5 /* SceneDelegate.swift */; };
		2F8A108A28DBFF0A00F9E2F5 /* ViewController.swift in Sources */ = {isa = PBXBuildFile; fileRef = 2F8A108928DBFF0A00F9E2F5 /* ViewController.swift */; };
		2F8A108D28DBFF0A00F9E2F5 /* Main.storyboard in Resources */ = {isa = PBXBuildFile; fileRef = 2F8A108B28DBFF0A00F9E2F5 /* Main.storyboard */; };
		2F8A108F28DBFF0C00F9E2F5 /* Assets.xcassets in Resources */ = {isa = PBXBuildFile; fileRef = 2F8A108E28DBFF0C00F9E2F5 /* Assets.xcassets */; };
		2F8A109228DBFF0C00F9E2F5 /* LaunchScreen.storyboard in Resources */ = {isa = PBXBuildFile; fileRef = 2F8A109028DBFF0C00F9E2F5 /* LaunchScreen.storyboard */; };
		2F8A109D28DBFF0D00F9E2F5 /* flashcardshw1Tests.swift in Sources */ = {isa = PBXBuildFile; fileRef = 2F8A109C28DBFF0D00F9E2F5 /* flashcardshw1Tests.swift */; };
		2F8A10A728DBFF0D00F9E2F5 /* flashcardshw1UITests.swift in Sources */ = {isa = PBXBuildFile; fileRef = 2F8A10A628DBFF0D00F9E2F5 /* flashcardshw1UITests.swift */; };
		2F8A10A928DBFF0D00F9E2F5 /* flashcardshw1UITestsLaunchTests.swift in Sources */ = {isa = PBXBuildFile; fileRef = 2F8A10A828DBFF0D00F9E2F5 /* flashcardshw1UITestsLaunchTests.swift */; };
/* End PBXBuildFile section */

/* Begin PBXContainerItemProxy section */
		2F8A109928DBFF0D00F9E2F5 /* PBXContainerItemProxy */ = {
			isa = PBXContainerItemProxy;
			containerPortal = 2F8A107A28DBFF0A00F9E2F5 /* Project object */;
			proxyType = 1;
			remoteGlobalIDString = 2F8A108128DBFF0A00F9E2F5;
			remoteInfo = flashcardshw1;
		};
		2F8A10A328DBFF0D00F9E2F5 /* PBXContainerItemProxy */ = {
			isa = PBXContainerItemProxy;
			containerPortal = 2F8A107A28DBFF0A00F9E2F5 /* Project object */;
			proxyType = 1;
			remoteGlobalIDString = 2F8A108128DBFF0A00F9E2F5;
			remoteInfo = flashcardshw1;
		};
/* End PBXContainerItemProxy section */

/* Begin PBXFileReference section */
		2F8A108228DBFF0A00F9E2F5 /* flashcardshw1.app */ = {isa = PBXFileReference; explicitFileType = wrapper.application; includeInIndex = 0; path = flashcardshw1.app; sourceTree = BUILT_PRODUCTS_DIR; };
		2F8A108528DBFF0A00F9E2F5 /* AppDelegate.swift */ = {isa = PBXFileReference; lastKnownFileType = sourcecode.swift; path = AppDelegate.swift; sourceTree = "<group>"; };
		2F8A108728DBFF0A00F9E2F5 /* SceneDelegate.swift */ = {isa = PBXFileReference; lastKnownFileType = sourcecode.swift; path = SceneDelegate.swift; sourceTree = "<group>"; };
		2F8A108928DBFF0A00F9E2F5 /* ViewController.swift */ = {isa = PBXFileReference; lastKnownFileType = sourcecode.swift; path = ViewController.swift; sourceTree = "<group>"; };
		2F8A108C28DBFF0A00F9E2F5 /* Base */ = {isa = PBXFileReference; lastKnownFileType = file.storyboard; name = Base; path = Base.lproj/Main.storyboard; sourceTree = "<group>"; };
		2F8A108E28DBFF0C00F9E2F5 /* Assets.xcassets */ = {isa = PBXFileReference; lastKnownFileType = folder.assetcatalog; path = Assets.xcassets; sourceTree = "<group>"; };
		2F8A109128DBFF0C00F9E2F5 /* Base */ = {isa = PBXFileReference; lastKnownFileType = file.storyboard; name = Base; path = Base.lproj/LaunchScreen.storyboard; sourceTree = "<group>"; };
		2F8A109328DBFF0C00F9E2F5 /* Info.plist */ = {isa = PBXFileReference; lastKnownFileType = text.plist.xml; path = Info.plist; sourceTree = "<group>"; };
		2F8A109828DBFF0D00F9E2F5 /* flashcardshw1Tests.xctest */ = {isa = PBXFileReference; explicitFileType = wrapper.cfbundle; includeInIndex = 0; path = flashcardshw1Tests.xctest; sourceTree = BUILT_PRODUCTS_DIR; };
		2F8A109C28DBFF0D00F9E2F5 /* flashcardshw1Tests.swift */ = {isa = PBXFileReference; lastKnownFileType = sourcecode.swift; path = flashcardshw1Tests.swift; sourceTree = "<group>"; };
		2F8A10A228DBFF0D00F9E2F5 /* flashcardshw1UITests.xctest */ = {isa = PBXFileReference; explicitFileType = wrapper.cfbundle; includeInIndex = 0; path = flashcardshw1UITests.xctest; sourceTree = BUILT_PRODUCTS_DIR; };
		2F8A10A628DBFF0D00F9E2F5 /* flashcardshw1UITests.swift */ = {isa = PBXFileReference; lastKnownFileType = sourcecode.swift; path = flashcardshw1UITests.swift; sourceTree = "<group>"; };
		2F8A10A828DBFF0D00F9E2F5 /* flashcardshw1UITestsLaunchTests.swift */ = {isa = PBXFileReference; lastKnownFileType = sourcecode.swift; path = flashcardshw1UITestsLaunchTests.swift; sourceTree = "<group>"; };
/* End PBXFileReference section */

/* Begin PBXFrameworksBuildPhase section */
		2F8A107F28DBFF0A00F9E2F5 /* Frameworks */ = {
			isa = PBXFrameworksBuildPhase;
			buildActionMask = 2147483647;
			files = (
			);
			runOnlyForDeploymentPostprocessing = 0;
		};
		2F8A109528DBFF0D00F9E2F5 /* Frameworks */ = {
			isa = PBXFrameworksBuildPhase;
			buildActionMask = 2147483647;
			files = (
			);
			runOnlyForDeploymentPostprocessing = 0;
		};
		2F8A109F28DBFF0D00F9E2F5 /* Frameworks */ = {
			isa = PBXFrameworksBuildPhase;
			buildActionMask = 2147483647;
			files = (
			);
			runOnlyForDeploymentPostprocessing = 0;
		};
/* End PBXFrameworksBuildPhase section */

/* Begin PBXGroup section */
		2F8A107928DBFF0A00F9E2F5 = {
			isa = PBXGroup;
			children = (
				2F8A108428DBFF0A00F9E2F5 /* flashcardshw1 */,
				2F8A109B28DBFF0D00F9E2F5 /* flashcardshw1Tests */,
				2F8A10A528DBFF0D00F9E2F5 /* flashcardshw1UITests */,
				2F8A108328DBFF0A00F9E2F5 /* Products */,
			);
			sourceTree = "<group>";
		};
		2F8A108328DBFF0A00F9E2F5 /* Products */ = {
			isa = PBXGroup;
			children = (
				2F8A108228DBFF0A00F9E2F5 /* flashcardshw1.app */,
				2F8A109828DBFF0D00F9E2F5 /* flashcardshw1Tests.xctest */,
				2F8A10A228DBFF0D00F9E2F5 /* flashcardshw1UITests.xctest */,
			);
			name = Products;
			sourceTree = "<group>";
		};
		2F8A108428DBFF0A00F9E2F5 /* flashcardshw1 */ = {
			isa = PBXGroup;
			children = (
				2F8A108528DBFF0A00F9E2F5 /* AppDelegate.swift */,
				2F8A108728DBFF0A00F9E2F5 /* SceneDelegate.swift */,
				2F8A108928DBFF0A00F9E2F5 /* ViewController.swift */,
				2F8A108B28DBFF0A00F9E2F5 /* Main.storyboard */,
				2F8A108E28DBFF0C00F9E2F5 /* Assets.xcassets */,
				2F8A109028DBFF0C00F9E2F5 /* LaunchScreen.storyboard */,
				2F8A109328DBFF0C00F9E2F5 /* Info.plist */,
			);
			path = flashcardshw1;
			sourceTree = "<group>";
		};
		2F8A109B28DBFF0D00F9E2F5 /* flashcardshw1Tests */ = {
			isa = PBXGroup;
			children = (
				2F8A109C28DBFF0D00F9E2F5 /* flashcardshw1Tests.swift */,
			);
			path = flashcardshw1Tests;
			sourceTree = "<group>";
		};
		2F8A10A528DBFF0D00F9E2F5 /* flashcardshw1UITests */ = {
			isa = PBXGroup;
			children = (
				2F8A10A628DBFF0D00F9E2F5 /* flashcardshw1UITests.swift */,
				2F8A10A828DBFF0D00F9E2F5 /* flashcardshw1UITestsLaunchTests.swift */,
			);
			path = flashcardshw1UITests;
			sourceTree = "<group>";
		};
/* End PBXGroup section */

/* Begin PBXNativeTarget section */
		2F8A108128DBFF0A00F9E2F5 /* flashcardshw1 */ = {
			isa = PBXNativeTarget;
			buildConfigurationList = 2F8A10AC28DBFF0D00F9E2F5 /* Build configuration list for PBXNativeTarget "flashcardshw1" */;
			buildPhases = (
				2F8A107E28DBFF0A00F9E2F5 /* Sources */,
				2F8A107F28DBFF0A00F9E2F5 /* Frameworks */,
				2F8A108028DBFF0A00F9E2F5 /* Resources */,
			);
			buildRules = (
			);
			dependencies = (
			);
			name = flashcardshw1;
			productName = flashcardshw1;
			productReference = 2F8A108228DBFF0A00F9E2F5 /* flashcardshw1.app */;
			productType = "com.apple.product-type.application";
		};
		2F8A109728DBFF0D00F9E2F5 /* flashcardshw1Tests */ = {
			isa = PBXNativeTarget;
			buildConfigurationList = 2F8A10AF28DBFF0D00F9E2F5 /* Build configuration list for PBXNativeTarget "flashcardshw1Tests" */;
			buildPhases = (
				2F8A109428DBFF0D00F9E2F5 /* Sources */,
				2F8A109528DBFF0D00F9E2F5 /* Frameworks */,
				2F8A109628DBFF0D00F9E2F5 /* Resources */,
			);
			buildRules = (
			);
			dependencies = (
				2F8A109A28DBFF0D00F9E2F5 /* PBXTargetDependency */,
			);
			name = flashcardshw1Tests;
			productName = flashcardshw1Tests;
			productReference = 2F8A109828DBFF0D00F9E2F5 /* flashcardshw1Tests.xctest */;
			productType = "com.apple.product-type.bundle.unit-test";
		};
		2F8A10A128DBFF0D00F9E2F5 /* flashcardshw1UITests */ = {
			isa = PBXNativeTarget;
			buildConfigurationList = 2F8A10B228DBFF0D00F9E2F5 /* Build configuration list for PBXNativeTarget "flashcardshw1UITests" */;
			buildPhases = (
				2F8A109E28DBFF0D00F9E2F5 /* Sources */,
				2F8A109F28DBFF0D00F9E2F5 /* Frameworks */,
				2F8A10A028DBFF0D00F9E2F5 /* Resources */,
			);
			buildRules = (
			);
			dependencies = (
				2F8A10A428DBFF0D00F9E2F5 /* PBXTargetDependency */,
			);
			name = flashcardshw1UITests;
			productName = flashcardshw1UITests;
			productReference = 2F8A10A228DBFF0D00F9E2F5 /* flashcardshw1UITests.xctest */;
			productType = "com.apple.product-type.bundle.ui-testing";
		};
/* End PBXNativeTarget section */

/* Begin PBXProject section */
		2F8A107A28DBFF0A00F9E2F5 /* Project object */ = {
			isa = PBXProject;
			attributes = {
				BuildIndependentTargetsInParallel = 1;
				LastSwiftUpdateCheck = 1400;
				LastUpgradeCheck = 1400;
				TargetAttributes = {
					2F8A108128DBFF0A00F9E2F5 = {
						CreatedOnToolsVersion = 14.0;
					};
					2F8A109728DBFF0D00F9E2F5 = {
						CreatedOnToolsVersion = 14.0;
						TestTargetID = 2F8A108128DBFF0A00F9E2F5;
					};
					2F8A10A128DBFF0D00F9E2F5 = {
						CreatedOnToolsVersion = 14.0;
						TestTargetID = 2F8A108128DBFF0A00F9E2F5;
					};
				};
			};
			buildConfigurationList = 2F8A107D28DBFF0A00F9E2F5 /* Build configuration list for PBXProject "flashcardshw1" */;
			compatibilityVersion = "Xcode 14.0";
			developmentRegion = en;
			hasScannedForEncodings = 0;
			knownRegions = (
				en,
				Base,
			);
			mainGroup = 2F8A107928DBFF0A00F9E2F5;
			productRefGroup = 2F8A108328DBFF0A00F9E2F5 /* Products */;
			projectDirPath = "";
			projectRoot = "";
			targets = (
				2F8A108128DBFF0A00F9E2F5 /* flashcardshw1 */,
				2F8A109728DBFF0D00F9E2F5 /* flashcardshw1Tests */,
				2F8A10A128DBFF0D00F9E2F5 /* flashcardshw1UITests */,
			);
		};
/* End PBXProject section */

/* Begin PBXResourcesBuildPhase section */
		2F8A108028DBFF0A00F9E2F5 /* Resources */ = {
			isa = PBXResourcesBuildPhase;
			buildActionMask = 2147483647;
			files = (
				2F8A109228DBFF0C00F9E2F5 /* LaunchScreen.storyboard in Resources */,
				2F8A108F28DBFF0C00F9E2F5 /* Assets.xcassets in Resources */,
				2F8A108D28DBFF0A00F9E2F5 /* Main.storyboard in Resources */,
			);
			runOnlyForDeploymentPostprocessing = 0;
		};
		2F8A109628DBFF0D00F9E2F5 /* Resources */ = {
			isa = PBXResourcesBuildPhase;
			buildActionMask = 2147483647;
			files = (
			);
			runOnlyForDeploymentPostprocessing = 0;
		};
		2F8A10A028DBFF0D00F9E2F5 /* Resources */ = {
			isa = PBXResourcesBuildPhase;
			buildActionMask = 2147483647;
			files = (
			);
			runOnlyForDeploymentPostprocessing = 0;
		};
/* End PBXResourcesBuildPhase section */

/* Begin PBXSourcesBuildPhase section */
		2F8A107E28DBFF0A00F9E2F5 /* Sources */ = {
			isa = PBXSourcesBuildPhase;
			buildActionMask = 2147483647;
			files = (
				2F8A108A28DBFF0A00F9E2F5 /* ViewController.swift in Sources */,
				2F8A108628DBFF0A00F9E2F5 /* AppDelegate.swift in Sources */,
				2F8A108828DBFF0A00F9E2F5 /* SceneDelegate.swift in Sources */,
			);
			runOnlyForDeploymentPostprocessing = 0;
		};
		2F8A109428DBFF0D00F9E2F5 /* Sources */ = {
			isa = PBXSourcesBuildPhase;
			buildActionMask = 2147483647;
			files = (
				2F8A109D28DBFF0D00F9E2F5 /* flashcardshw1Tests.swift in Sources */,
			);
			runOnlyForDeploymentPostprocessing = 0;
		};
		2F8A109E28DBFF0D00F9E2F5 /* Sources */ = {
			isa = PBXSourcesBuildPhase;
			buildActionMask = 2147483647;
			files = (
				2F8A10A928DBFF0D00F9E2F5 /* flashcardshw1UITestsLaunchTests.swift in Sources */,
				2F8A10A728DBFF0D00F9E2F5 /* flashcardshw1UITests.swift in Sources */,
			);
			runOnlyForDeploymentPostprocessing = 0;
		};
/* End PBXSourcesBuildPhase section */

/* Begin PBXTargetDependency section */
		2F8A109A28DBFF0D00F9E2F5 /* PBXTargetDependency */ = {
			isa = PBXTargetDependency;
			target = 2F8A108128DBFF0A00F9E2F5 /* flashcardshw1 */;
			targetProxy = 2F8A109928DBFF0D00F9E2F5 /* PBXContainerItemProxy */;
		};
		2F8A10A428DBFF0D00F9E2F5 /* PBXTargetDependency */ = {
			isa = PBXTargetDependency;
			target = 2F8A108128DBFF0A00F9E2F5 /* flashcardshw1 */;
			targetProxy = 2F8A10A328DBFF0D00F9E2F5 /* PBXContainerItemProxy */;
		};
/* End PBXTargetDependency section */

/* Begin PBXVariantGroup section */
		2F8A108B28DBFF0A00F9E2F5 /* Main.storyboard */ = {
			isa = PBXVariantGroup;
			children = (
				2F8A108C28DBFF0A00F9E2F5 /* Base */,
			);
			name = Main.storyboard;
			sourceTree = "<group>";
		};
		2F8A109028DBFF0C00F9E2F5 /* LaunchScreen.storyboard */ = {
			isa = PBXVariantGroup;
			children = (
				2F8A109128DBFF0C00F9E2F5 /* Base */,
			);
			name = LaunchScreen.storyboard;
			sourceTree = "<group>";
		};
/* End PBXVariantGroup section */

/* Begin XCBuildConfiguration section */
		2F8A10AA28DBFF0D00F9E2F5 /* Debug */ = {
			isa = XCBuildConfiguration;
			buildSettings = {
				ALWAYS_SEARCH_USER_PATHS = NO;
				CLANG_ANALYZER_NONNULL = YES;
				CLANG_ANALYZER_NUMBER_OBJECT_CONVERSION = YES_AGGRESSIVE;
				CLANG_CXX_LANGUAGE_STANDARD = "gnu++20";
				CLANG_ENABLE_MODULES = YES;
				CLANG_ENABLE_OBJC_ARC = YES;
				CLANG_ENABLE_OBJC_WEAK = YES;
				CLANG_WARN_BLOCK_CAPTURE_AUTORELEASING = YES;
				CLANG_WARN_BOOL_CONVERSION = YES;
				CLANG_WARN_COMMA = YES;
				CLANG_WARN_CONSTANT_CONVERSION = YES;
				CLANG_WARN_DEPRECATED_OBJC_IMPLEMENTATIONS = YES;
				CLANG_WARN_DIRECT_OBJC_ISA_USAGE = YES_ERROR;
				CLANG_WARN_DOCUMENTATION_COMMENTS = YES;
				CLANG_WARN_EMPTY_BODY = YES;
				CLANG_WARN_ENUM_CONVERSION = YES;
				CLANG_WARN_INFINITE_RECURSION = YES;
				CLANG_WARN_INT_CONVERSION = YES;
				CLANG_WARN_NON_LITERAL_NULL_CONVERSION = YES;
				CLANG_WARN_OBJC_IMPLICIT_RETAIN_SELF = YES;
				CLANG_WARN_OBJC_LITERAL_CONVERSION = YES;
				CLANG_WARN_OBJC_ROOT_CLASS = YES_ERROR;
				CLANG_WARN_QUOTED_INCLUDE_IN_FRAMEWORK_HEADER = YES;
				CLANG_WARN_RANGE_LOOP_ANALYSIS = YES;
				CLANG_WARN_STRICT_PROTOTYPES = YES;
				CLANG_WARN_SUSPICIOUS_MOVE = YES;
				CLANG_WARN_UNGUARDED_AVAILABILITY = YES_AGGRESSIVE;
				CLANG_WARN_UNREACHABLE_CODE = YES;
				CLANG_WARN__DUPLICATE_METHOD_MATCH = YES;
				COPY_PHASE_STRIP = NO;
				DEBUG_INFORMATION_FORMAT = dwarf;
				ENABLE_STRICT_OBJC_MSGSEND = YES;
				ENABLE_TESTABILITY = YES;
				GCC_C_LANGUAGE_STANDARD = gnu11;
				GCC_DYNAMIC_NO_PIC = NO;
				GCC_NO_COMMON_BLOCKS = YES;
				GCC_OPTIMIZATION_LEVEL = 0;
				GCC_PREPROCESSOR_DEFINITIONS = (
					"DEBUG=1",
					"$(inherited)",
				);
				GCC_WARN_64_TO_32_BIT_CONVERSION = YES;
				GCC_WARN_ABOUT_RETURN_TYPE = YES_ERROR;
				GCC_WARN_UNDECLARED_SELECTOR = YES;
				GCC_WARN_UNINITIALIZED_AUTOS = YES_AGGRESSIVE;
				GCC_WARN_UNUSED_FUNCTION = YES;
				GCC_WARN_UNUSED_VARIABLE = YES;
				IPHONEOS_DEPLOYMENT_TARGET = 16.0;
				MTL_ENABLE_DEBUG_INFO = INCLUDE_SOURCE;
				MTL_FAST_MATH = YES;
				ONLY_ACTIVE_ARCH = YES;
				SDKROOT = iphoneos;
				SWIFT_ACTIVE_COMPILATION_CONDITIONS = DEBUG;
				SWIFT_OPTIMIZATION_LEVEL = "-Onone";
			};
			name = Debug;
		};
		2F8A10AB28DBFF0D00F9E2F5 /* Release */ = {
			isa = XCBuildConfiguration;
			buildSettings = {
				ALWAYS_SEARCH_USER_PATHS = NO;
				CLANG_ANALYZER_NONNULL = YES;
				CLANG_ANALYZER_NUMBER_OBJECT_CONVERSION = YES_AGGRESSIVE;
				CLANG_CXX_LANGUAGE_STANDARD = "gnu++20";
				CLANG_ENABLE_MODULES = YES;
				CLANG_ENABLE_OBJC_ARC = YES;
				CLANG_ENABLE_OBJC_WEAK = YES;
				CLANG_WARN_BLOCK_CAPTURE_AUTORELEASING = YES;
				CLANG_WARN_BOOL_CONVERSION = YES;
				CLANG_WARN_COMMA = YES;
				CLANG_WARN_CONSTANT_CONVERSION = YES;
				CLANG_WARN_DEPRECATED_OBJC_IMPLEMENTATIONS = YES;
				CLANG_WARN_DIRECT_OBJC_ISA_USAGE = YES_ERROR;
				CLANG_WARN_DOCUMENTATION_COMMENTS = YES;
				CLANG_WARN_EMPTY_BODY = YES;
				CLANG_WARN_ENUM_CONVERSION = YES;
				CLANG_WARN_INFINITE_RECURSION = YES;
				CLANG_WARN_INT_CONVERSION = YES;
				CLANG_WARN_NON_LITERAL_NULL_CONVERSION = YES;
				CLANG_WARN_OBJC_IMPLICIT_RETAIN_SELF = YES;
				CLANG_WARN_OBJC_LITERAL_CONVERSION = YES;
				CLANG_WARN_OBJC_ROOT_CLASS = YES_ERROR;
				CLANG_WARN_QUOTED_INCLUDE_IN_FRAMEWORK_HEADER = YES;
				CLANG_WARN_RANGE_LOOP_ANALYSIS = YES;
				CLANG_WARN_STRICT_PROTOTYPES = YES;
				CLANG_WARN_SUSPICIOUS_MOVE = YES;
				CLANG_WARN_UNGUARDED_AVAILABILITY = YES_AGGRESSIVE;
				CLANG_WARN_UNREACHABLE_CODE = YES;
				CLANG_WARN__DUPLICATE_METHOD_MATCH = YES;
				COPY_PHASE_STRIP = NO;
				DEBUG_INFORMATION_FORMAT = "dwarf-with-dsym";
				ENABLE_NS_ASSERTIONS = NO;
				ENABLE_STRICT_OBJC_MSGSEND = YES;
				GCC_C_LANGUAGE_STANDARD = gnu11;
				GCC_NO_COMMON_BLOCKS = YES;
				GCC_WARN_64_TO_32_BIT_CONVERSION = YES;
				GCC_WARN_ABOUT_RETURN_TYPE = YES_ERROR;
				GCC_WARN_UNDECLARED_SELECTOR = YES;
				GCC_WARN_UNINITIALIZED_AUTOS = YES_AGGRESSIVE;
				GCC_WARN_UNUSED_FUNCTION = YES;
				GCC_WARN_UNUSED_VARIABLE = YES;
				IPHONEOS_DEPLOYMENT_TARGET = 16.0;
				MTL_ENABLE_DEBUG_INFO = NO;
				MTL_FAST_MATH = YES;
				SDKROOT = iphoneos;
				SWIFT_COMPILATION_MODE = wholemodule;
				SWIFT_OPTIMIZATION_LEVEL = "-O";
				VALIDATE_PRODUCT = YES;
			};
			name = Release;
		};
		2F8A10AD28DBFF0D00F9E2F5 /* Debug */ = {
			isa = XCBuildConfiguration;
			buildSettings = {
				ASSETCATALOG_COMPILER_APPICON_NAME = AppIcon;
				ASSETCATALOG_COMPILER_GLOBAL_ACCENT_COLOR_NAME = AccentColor;
				CODE_SIGN_STYLE = Automatic;
				CURRENT_PROJECT_VERSION = 1;
				GENERATE_INFOPLIST_FILE = YES;
				INFOPLIST_FILE = flashcardshw1/Info.plist;
				INFOPLIST_KEY_UIApplicationSupportsIndirectInputEvents = YES;
				INFOPLIST_KEY_UILaunchStoryboardName = LaunchScreen;
				INFOPLIST_KEY_UIMainStoryboardFile = Main;
				INFOPLIST_KEY_UISupportedInterfaceOrientations_iPad = "UIInterfaceOrientationPortrait UIInterfaceOrientationPortraitUpsideDown UIInterfaceOrientationLandscapeLeft UIInterfaceOrientationLandscapeRight";
				INFOPLIST_KEY_UISupportedInterfaceOrientations_iPhone = "UIInterfaceOrientationPortrait UIInterfaceOrientationLandscapeLeft UIInterfaceOrientationLandscapeRight";
				LD_RUNPATH_SEARCH_PATHS = (
					"$(inherited)",
					"@executable_path/Frameworks",
				);
				MARKETING_VERSION = 1.0;
				PRODUCT_BUNDLE_IDENTIFIER = com.Naomy.flashcardshw1;
				PRODUCT_NAME = "$(TARGET_NAME)";
				SWIFT_EMIT_LOC_STRINGS = YES;
				SWIFT_VERSION = 5.0;
				TARGETED_DEVICE_FAMILY = "1,2";
			};
			name = Debug;
		};
		2F8A10AE28DBFF0D00F9E2F5 /* Release */ = {
			isa = XCBuildConfiguration;
			buildSettings = {
				ASSETCATALOG_COMPILER_APPICON_NAME = AppIcon;
				ASSETCATALOG_COMPILER_GLOBAL_ACCENT_COLOR_NAME = AccentColor;
				CODE_SIGN_STYLE = Automatic;
				CURRENT_PROJECT_VERSION = 1;
				GENERATE_INFOPLIST_FILE = YES;
				INFOPLIST_FILE = flashcardshw1/Info.plist;
				INFOPLIST_KEY_UIApplicationSupportsIndirectInputEvents = YES;
				INFOPLIST_KEY_UILaunchStoryboardName = LaunchScreen;
				INFOPLIST_KEY_UIMainStoryboardFile = Main;
				INFOPLIST_KEY_UISupportedInterfaceOrientations_iPad = "UIInterfaceOrientationPortrait UIInterfaceOrientationPortraitUpsideDown UIInterfaceOrientationLandscapeLeft UIInterfaceOrientationLandscapeRight";
				INFOPLIST_KEY_UISupportedInterfaceOrientations_iPhone = "UIInterfaceOrientationPortrait UIInterfaceOrientationLandscapeLeft UIInterfaceOrientationLandscapeRight";
				LD_RUNPATH_SEARCH_PATHS = (
					"$(inherited)",
					"@executable_path/Frameworks",
				);
				MARKETING_VERSION = 1.0;
				PRODUCT_BUNDLE_IDENTIFIER = com.Naomy.flashcardshw1;
				PRODUCT_NAME = "$(TARGET_NAME)";
				SWIFT_EMIT_LOC_STRINGS = YES;
				SWIFT_VERSION = 5.0;
				TARGETED_DEVICE_FAMILY = "1,2";
			};
			name = Release;
		};
		2F8A10B028DBFF0D00F9E2F5 /* Debug */ = {
			isa = XCBuildConfiguration;
			buildSettings = {
				ALWAYS_EMBED_SWIFT_STANDARD_LIBRARIES = YES;
				BUNDLE_LOADER = "$(TEST_HOST)";
				CODE_SIGN_STYLE = Automatic;
				CURRENT_PROJECT_VERSION = 1;
				GENERATE_INFOPLIST_FILE = YES;
				IPHONEOS_DEPLOYMENT_TARGET = 16.0;
				MARKETING_VERSION = 1.0;
				PRODUCT_BUNDLE_IDENTIFIER = com.Naomy.flashcardshw1Tests;
				PRODUCT_NAME = "$(TARGET_NAME)";
				SWIFT_EMIT_LOC_STRINGS = NO;
				SWIFT_VERSION = 5.0;
				TARGETED_DEVICE_FAMILY = "1,2";
				TEST_HOST = "$(BUILT_PRODUCTS_DIR)/flashcardshw1.app/$(BUNDLE_EXECUTABLE_FOLDER_PATH)/flashcardshw1";
			};
			name = Debug;
		};
		2F8A10B128DBFF0D00F9E2F5 /* Release */ = {
			isa = XCBuildConfiguration;
			buildSettings = {
				ALWAYS_EMBED_SWIFT_STANDARD_LIBRARIES = YES;
				BUNDLE_LOADER = "$(TEST_HOST)";
				CODE_SIGN_STYLE = Automatic;
				CURRENT_PROJECT_VERSION = 1;
				GENERATE_INFOPLIST_FILE = YES;
				IPHONEOS_DEPLOYMENT_TARGET = 16.0;
				MARKETING_VERSION = 1.0;
				PRODUCT_BUNDLE_IDENTIFIER = com.Naomy.flashcardshw1Tests;
				PRODUCT_NAME = "$(TARGET_NAME)";
				SWIFT_EMIT_LOC_STRINGS = NO;
				SWIFT_VERSION = 5.0;
				TARGETED_DEVICE_FAMILY = "1,2";
				TEST_HOST = "$(BUILT_PRODUCTS_DIR)/flashcardshw1.app/$(BUNDLE_EXECUTABLE_FOLDER_PATH)/flashcardshw1";
			};
			name = Release;
		};
		2F8A10B328DBFF0D00F9E2F5 /* Debug */ = {
			isa = XCBuildConfiguration;
			buildSettings = {
				ALWAYS_EMBED_SWIFT_STANDARD_LIBRARIES = YES;
				CODE_SIGN_STYLE = Automatic;
				CURRENT_PROJECT_VERSION = 1;
				GENERATE_INFOPLIST_FILE = YES;
				MARKETING_VERSION = 1.0;
				PRODUCT_BUNDLE_IDENTIFIER = com.Naomy.flashcardshw1UITests;
				PRODUCT_NAME = "$(TARGET_NAME)";
				SWIFT_EMIT_LOC_STRINGS = NO;
				SWIFT_VERSION = 5.0;
				TARGETED_DEVICE_FAMILY = "1,2";
				TEST_TARGET_NAME = flashcardshw1;
			};
			name = Debug;
		};
		2F8A10B428DBFF0D00F9E2F5 /* Release */ = {
			isa = XCBuildConfiguration;
			buildSettings = {
				ALWAYS_EMBED_SWIFT_STANDARD_LIBRARIES = YES;
				CODE_SIGN_STYLE = Automatic;
				CURRENT_PROJECT_VERSION = 1;
				GENERATE_INFOPLIST_FILE = YES;
				MARKETING_VERSION = 1.0;
				PRODUCT_BUNDLE_IDENTIFIER = com.Naomy.flashcardshw1UITests;
				PRODUCT_NAME = "$(TARGET_NAME)";
				SWIFT_EMIT_LOC_STRINGS = NO;
				SWIFT_VERSION = 5.0;
				TARGETED_DEVICE_FAMILY = "1,2";
				TEST_TARGET_NAME = flashcardshw1;
			};
			name = Release;
		};
/* End XCBuildConfiguration section */

/* Begin XCConfigurationList section */
		2F8A107D28DBFF0A00F9E2F5 /* Build configuration list for PBXProject "flashcardshw1" */ = {
			isa = XCConfigurationList;
			buildConfigurations = (
				2F8A10AA28DBFF0D00F9E2F5 /* Debug */,
				2F8A10AB28DBFF0D00F9E2F5 /* Release */,
			);
			defaultConfigurationIsVisible = 0;
			defaultConfigurationName = Release;
		};
		2F8A10AC28DBFF0D00F9E2F5 /* Build configuration list for PBXNativeTarget "flashcardshw1" */ = {
			isa = XCConfigurationList;
			buildConfigurations = (
				2F8A10AD28DBFF0D00F9E2F5 /* Debug */,
				2F8A10AE28DBFF0D00F9E2F5 /* Release */,
			);
			defaultConfigurationIsVisible = 0;
			defaultConfigurationName = Release;
		};
		2F8A10AF28DBFF0D00F9E2F5 /* Build configuration list for PBXNativeTarget "flashcardshw1Tests" */ = {
			isa = XCConfigurationList;
			buildConfigurations = (
				2F8A10B028DBFF0D00F9E2F5 /* Debug */,
				2F8A10B128DBFF0D00F9E2F5 /* Release */,
			);
			defaultConfigurationIsVisible = 0;
			defaultConfigurationName = Release;
		};
		2F8A10B228DBFF0D00F9E2F5 /* Build configuration list for PBXNativeTarget "flashcardshw1UITests" */ = {
			isa = XCConfigurationList;
			buildConfigurations = (
				2F8A10B328DBFF0D00F9E2F5 /* Debug */,
				2F8A10B428DBFF0D00F9E2F5 /* Release */,
			);
			defaultConfigurationIsVisible = 0;
			defaultConfigurationName = Release;
		};
/* End XCConfigurationList section */
	};
	rootObject = 2F8A107A28DBFF0A00F9E2F5 /* Project object */;
}
